
Microsoft Visual Studio Solution File, Format Version 12.00
# Visual Studio Version 16
VisualStudioVersion = 16.0.30804.86
MinimumVisualStudioVersion = 10.0.40219.1
Project("{9A19103F-16F7-4668-BE54-9A1E7A4F7556}") = "OffersAPIClient", "OffersAPIClient\OffersAPIClient.csproj", "{A8D39762-6B84-416C-9644-F722E448A053}"
EndProject
Project("{9A19103F-16F7-4668-BE54-9A1E7A4F7556}") = "OffersAPIClient.Service", "OffersAPIClient.Service\OffersAPIClient.Service.csproj", "{C2A34667-1D7C-46E7-9F62-F11C4DA3AA4E}"
EndProject
Project("{9A19103F-16F7-4668-BE54-9A1E7A4F7556}") = "OffersAPIClient.Common", "OffersAPIClient.Common\OffersAPIClient.Common.csproj", "{13F99710-E831-474F-9816-DDBF142D1FA1}"
EndProject
Project("{9A19103F-16F7-4668-BE54-9A1E7A4F7556}") = "OffersAPIClient.Test", "OffersAPIClient.Test\OffersAPIClient.Test.csproj", "{C9E69FB9-6584-4D9F-8221-989FC1E7662E}"
EndProject
Project("{FAE04EC0-301F-11D3-BF4B-00C04F79EFBC}") = "OffersAPIClient.Communication", "OffersAPIClient.Communication\OffersAPIClient.Communication.csproj", "{AD7C0FDE-A9B4-41F7-AD6A-A8093991A9EE}"
EndProject
Global
	GlobalSection(SolutionConfigurationPlatforms) = preSolution
		Debug|Any CPU = Debug|Any CPU
		Release|Any CPU = Release|Any CPU
	EndGlobalSection
	GlobalSection(ProjectConfigurationPlatforms) = postSolution
		{A8D39762-6B84-416C-9644-F722E448A053}.Debug|Any CPU.ActiveCfg = Debug|Any CPU
		{A8D39762-6B84-416C-9644-F722E448A053}.Debug|Any CPU.Build.0 = Debug|Any CPU
		{A8D39762-6B84-416C-9644-F722E448A053}.Release|Any CPU.ActiveCfg = Release|Any CPU
		{A8D39762-6B84-416C-9644-F722E448A053}.Release|Any CPU.Build.0 = Release|Any CPU
		{C2A34667-1D7C-46E7-9F62-F11C4DA3AA4E}.Debug|Any CPU.ActiveCfg = Debug|Any CPU
		{C2A34667-1D7C-46E7-9F62-F11C4DA3AA4E}.Debug|Any CPU.Build.0 = Debug|Any CPU
		{C2A34667-1D7C-46E7-9F62-F11C4DA3AA4E}.Release|Any CPU.ActiveCfg = Release|Any CPU
		{C2A34667-1D7C-46E7-9F62-F11C4DA3AA4E}.Release|Any CPU.Build.0 = Release|Any CPU
		{13F99710-E831-474F-9816-DDBF142D1FA1}.Debug|Any CPU.ActiveCfg = Debug|Any CPU
		{13F99710-E831-474F-9816-DDBF142D1FA1}.Debug|Any CPU.Build.0 = Debug|Any CPU
		{13F99710-E831-474F-9816-DDBF142D1FA1}.Release|Any CPU.ActiveCfg = Release|Any CPU
		{13F99710-E831-474F-9816-DDBF142D1FA1}.Release|Any CPU.Build.0 = Release|Any CPU
		{C9E69FB9-6584-4D9F-8221-989FC1E7662E}.Debug|Any CPU.ActiveCfg = Debug|Any CPU
		{C9E69FB9-6584-4D9F-8221-989FC1E7662E}.Debug|Any CPU.Build.0 = Debug|Any CPU
		{C9E69FB9-6584-4D9F-8221-989FC1E7662E}.Release|Any CPU.ActiveCfg = Release|Any CPU
		{C9E69FB9-6584-4D9F-8221-989FC1E7662E}.Release|Any CPU.Build.0 = Release|Any CPU
		{AD7C0FDE-A9B4-41F7-AD6A-A8093991A9EE}.Debug|Any CPU.ActiveCfg = Debug|Any CPU
		{AD7C0FDE-A9B4-41F7-AD6A-A8093991A9EE}.Debug|Any CPU.Build.0 = Debug|Any CPU
		{AD7C0FDE-A9B4-41F7-AD6A-A8093991A9EE}.Release|Any CPU.ActiveCfg = Release|Any CPU
		{AD7C0FDE-A9B4-41F7-AD6A-A8093991A9EE}.Release|Any CPU.Build.0 = Release|Any CPU
	EndGlobalSection
	GlobalSection(SolutionProperties) = preSolution
		HideSolutionNode = FALSE
	EndGlobalSection
	GlobalSection(ExtensibilityGlobals) = postSolution
		SolutionGuid = {45DB101F-A2FD-48AC-B332-49CC2A5120CB}
	EndGlobalSection
EndGlobal
